lockfileVersion: '6.0'

settings:
  autoInstallPeers: true
  excludeLinksFromLockfile: false

dependencies:
  nodemailer:
    specifier: ^6.9.6
    version: 6.9.6

devDependencies:
  '@types/nodemailer':
    specifier: ^6.4.11
    version: 6.4.11

packages:

  /@types/node@20.8.4:
    resolution: {integrity: sha512-ZVPnqU58giiCjSxjVUESDtdPk4QR5WQhhINbc9UBrKLU68MX5BF6kbQzTrkwbolyr0X8ChBpXfavr5mZFKZQ5A==}
    dependencies:
      undici-types: 5.25.3
    dev: true

  /@types/nodemailer@6.4.11:
    resolution: {integrity: sha512-Ld2c0frwpGT4VseuoeboCXQ7UJIkK3X7Lx/4YsZEiUHtHsthWAOCYtf6PAiLhMtfwV0cWJRabLBS3+LD8x6Nrw==}
    dependencies:
      '@types/node': 20.8.4
    dev: true

  /nodemailer@6.9.6:
    resolution: {integrity: sha512-s7pDtWwe5fLMkQUhw8TkWB/wnZ7SRdd9HRZslq/s24hlZvBP3j32N/ETLmnqTpmj4xoBZL9fOWyCIZ7r2HORHg==}
    engines: {node: '>=6.0.0'}
    dev: false

  /undici-types@5.25.3:
    resolution: {integrity: sha512-Ga1jfYwRn7+cP9v8auvEXN1rX3sWqlayd4HP7OKk4mZWylEmu3KzXDUGrQUN6Ol7qo1gPvB2e5gX6udnyEPgdA==}
    dev: true
